
Microsoft Visual Studio Solution File, Format Version 12.00
# Visual Studio 2013
VisualStudioVersion = 12.0.31101.0
MinimumVisualStudioVersion = 10.0.40219.1
Project("{FAE04EC0-301F-11D3-BF4B-00C04F79EFBC}") = "BarcodeScanner.Core", "BarcodeScanner.Core\BarcodeScanner.Core.csproj", "{43A5AC67-C04B-4591-A1B2-AEDC22949B0E}"
EndProject
Project("{2150E333-8FDC-42A3-9474-1A3956D46DE8}") = "UI", "UI", "{5D670298-6EB6-48B2-B180-5542E12375CA}"
EndProject
Project("{FAE04EC0-301F-11D3-BF4B-00C04F79EFBC}") = "BarcodeScanner.WindowsPhoneStore", "BarcodeScanner.WindowsPhoneStore\BarcodeScanner.WindowsPhoneStore.csproj", "{18091BE6-1E14-48B7-83C3-5B269C13B56B}"
EndProject
Project("{2150E333-8FDC-42A3-9474-1A3956D46DE8}") = "Plugins", "Plugins", "{1E88823E-0D9C-4559-B922-D10F1E19A2CC}"
EndProject
Project("{2150E333-8FDC-42A3-9474-1A3956D46DE8}") = ".nuget", ".nuget", "{F3CFC516-4732-43A4-93D1-77557459DA2C}"
	ProjectSection(SolutionItems) = preProject
		.nuget\NuGet.Config = .nuget\NuGet.Config
		.nuget\NuGet.exe = .nuget\NuGet.exe
		.nuget\NuGet.targets = .nuget\NuGet.targets
	EndProjectSection
EndProject
Project("{2150E333-8FDC-42A3-9474-1A3956D46DE8}") = "Scanning", "Scanning", "{92AE8EB0-057C-47E6-81D2-6A9B1D4B9FF1}"
EndProject
Project("{FAE04EC0-301F-11D3-BF4B-00C04F79EFBC}") = "Scanning.WindowsPhoneStore", "Plugins\Scanning\Scanning.WindowsPhoneStore\Scanning.WindowsPhoneStore.csproj", "{BF364A9D-7199-4635-A234-8380CD1CE69E}"
EndProject
Project("{FAE04EC0-301F-11D3-BF4B-00C04F79EFBC}") = "Scanning", "Plugins\Scanning\Scanning\Scanning.csproj", "{3CD7AA18-D9A3-4B6F-87FF-68B61A13AE99}"
EndProject
Project("{FAE04EC0-301F-11D3-BF4B-00C04F79EFBC}") = "BarcodeScanner.Droid", "BarcodeScanner.Droid\BarcodeScanner.Droid.csproj", "{0B2BE70C-5145-46F7-AC7E-7C32A32FBC98}"
EndProject
Project("{FAE04EC0-301F-11D3-BF4B-00C04F79EFBC}") = "BarcodeScanner.Touch", "BarcodeScanner.Touch\BarcodeScanner.Touch.csproj", "{11921975-959B-4FEA-AF68-E0D14D2A3455}"
EndProject
Project("{FAE04EC0-301F-11D3-BF4B-00C04F79EFBC}") = "Scanning.Touch", "Plugins\Scanning\Scanning.Touch\Scanning.Touch.csproj", "{56A90D2C-B335-437C-8C1E-12EB53E99503}"
EndProject
Project("{FAE04EC0-301F-11D3-BF4B-00C04F79EFBC}") = "Scanning.Droid", "Plugins\Scanning\Scanning.Droid\Scanning.Droid.csproj", "{9E274C6A-DCD8-4EC0-9CB3-8163F9AB9A7A}"
EndProject
Global
	GlobalSection(SolutionConfigurationPlatforms) = preSolution
		Ad-Hoc|Any CPU = Ad-Hoc|Any CPU
		Ad-Hoc|ARM = Ad-Hoc|ARM
		Ad-Hoc|iPhone = Ad-Hoc|iPhone
		Ad-Hoc|iPhoneSimulator = Ad-Hoc|iPhoneSimulator
		Ad-Hoc|Mixed Platforms = Ad-Hoc|Mixed Platforms
		Ad-Hoc|x86 = Ad-Hoc|x86
		AppStore|Any CPU = AppStore|Any CPU
		AppStore|ARM = AppStore|ARM
		AppStore|iPhone = AppStore|iPhone
		AppStore|iPhoneSimulator = AppStore|iPhoneSimulator
		AppStore|Mixed Platforms = AppStore|Mixed Platforms
		AppStore|x86 = AppStore|x86
		Debug|Any CPU = Debug|Any CPU
		Debug|ARM = Debug|ARM
		Debug|iPhone = Debug|iPhone
		Debug|iPhoneSimulator = Debug|iPhoneSimulator
		Debug|Mixed Platforms = Debug|Mixed Platforms
		Debug|x86 = Debug|x86
		Release|Any CPU = Release|Any CPU
		Release|ARM = Release|ARM
		Release|iPhone = Release|iPhone
		Release|iPhoneSimulator = Release|iPhoneSimulator
		Release|Mixed Platforms = Release|Mixed Platforms
		Release|x86 = Release|x86
	EndGlobalSection
	GlobalSection(ProjectConfigurationPlatforms) = postSolution
		{43A5AC67-C04B-4591-A1B2-AEDC22949B0E}.Ad-Hoc|Any CPU.ActiveCfg = Release|Any CPU
		{43A5AC67-C04B-4591-A1B2-AEDC22949B0E}.Ad-Hoc|Any CPU.Build.0 = Release|Any CPU
		{43A5AC67-C04B-4591-A1B2-AEDC22949B0E}.Ad-Hoc|ARM.ActiveCfg = Release|Any CPU
		{43A5AC67-C04B-4591-A1B2-AEDC22949B0E}.Ad-Hoc|iPhone.ActiveCfg = Release|Any CPU
		{43A5AC67-C04B-4591-A1B2-AEDC22949B0E}.Ad-Hoc|iPhoneSimulator.ActiveCfg = Release|Any CPU
		{43A5AC67-C04B-4591-A1B2-AEDC22949B0E}.Ad-Hoc|Mixed Platforms.ActiveCfg = Release|Any CPU
		{43A5AC67-C04B-4591-A1B2-AEDC22949B0E}.Ad-Hoc|Mixed Platforms.Build.0 = Release|Any CPU
		{43A5AC67-C04B-4591-A1B2-AEDC22949B0E}.Ad-Hoc|x86.ActiveCfg = Release|Any CPU
		{43A5AC67-C04B-4591-A1B2-AEDC22949B0E}.AppStore|Any CPU.ActiveCfg = Release|Any CPU
		{43A5AC67-C04B-4591-A1B2-AEDC22949B0E}.AppStore|Any CPU.Build.0 = Release|Any CPU
		{43A5AC67-C04B-4591-A1B2-AEDC22949B0E}.AppStore|ARM.ActiveCfg = Release|Any CPU
		{43A5AC67-C04B-4591-A1B2-AEDC22949B0E}.AppStore|iPhone.ActiveCfg = Release|Any CPU
		{43A5AC67-C04B-4591-A1B2-AEDC22949B0E}.AppStore|iPhoneSimulator.ActiveCfg = Release|Any CPU
		{43A5AC67-C04B-4591-A1B2-AEDC22949B0E}.AppStore|Mixed Platforms.ActiveCfg = Release|Any CPU
		{43A5AC67-C04B-4591-A1B2-AEDC22949B0E}.AppStore|Mixed Platforms.Build.0 = Release|Any CPU
		{43A5AC67-C04B-4591-A1B2-AEDC22949B0E}.AppStore|x86.ActiveCfg = Release|Any CPU
		{43A5AC67-C04B-4591-A1B2-AEDC22949B0E}.Debug|Any CPU.ActiveCfg = Debug|Any CPU
		{43A5AC67-C04B-4591-A1B2-AEDC22949B0E}.Debug|Any CPU.Build.0 = Debug|Any CPU
		{43A5AC67-C04B-4591-A1B2-AEDC22949B0E}.Debug|ARM.ActiveCfg = Debug|Any CPU
		{43A5AC67-C04B-4591-A1B2-AEDC22949B0E}.Debug|ARM.Build.0 = Debug|Any CPU
		{43A5AC67-C04B-4591-A1B2-AEDC22949B0E}.Debug|iPhone.ActiveCfg = Debug|Any CPU
		{43A5AC67-C04B-4591-A1B2-AEDC22949B0E}.Debug|iPhone.Build.0 = Debug|Any CPU
		{43A5AC67-C04B-4591-A1B2-AEDC22949B0E}.Debug|iPhoneSimulator.ActiveCfg = Debug|Any CPU
		{43A5AC67-C04B-4591-A1B2-AEDC22949B0E}.Debug|Mixed Platforms.ActiveCfg = Debug|Any CPU
		{43A5AC67-C04B-4591-A1B2-AEDC22949B0E}.Debug|Mixed Platforms.Build.0 = Debug|Any CPU
		{43A5AC67-C04B-4591-A1B2-AEDC22949B0E}.Debug|x86.ActiveCfg = Debug|Any CPU
		{43A5AC67-C04B-4591-A1B2-AEDC22949B0E}.Release|Any CPU.ActiveCfg = Release|Any CPU
		{43A5AC67-C04B-4591-A1B2-AEDC22949B0E}.Release|Any CPU.Build.0 = Release|Any CPU
		{43A5AC67-C04B-4591-A1B2-AEDC22949B0E}.Release|ARM.ActiveCfg = Release|Any CPU
		{43A5AC67-C04B-4591-A1B2-AEDC22949B0E}.Release|iPhone.ActiveCfg = Release|Any CPU
		{43A5AC67-C04B-4591-A1B2-AEDC22949B0E}.Release|iPhoneSimulator.ActiveCfg = Release|Any CPU
		{43A5AC67-C04B-4591-A1B2-AEDC22949B0E}.Release|Mixed Platforms.ActiveCfg = Release|Any CPU
		{43A5AC67-C04B-4591-A1B2-AEDC22949B0E}.Release|Mixed Platforms.Build.0 = Release|Any CPU
		{43A5AC67-C04B-4591-A1B2-AEDC22949B0E}.Release|x86.ActiveCfg = Release|Any CPU
		{18091BE6-1E14-48B7-83C3-5B269C13B56B}.Ad-Hoc|Any CPU.ActiveCfg = Release|Any CPU
		{18091BE6-1E14-48B7-83C3-5B269C13B56B}.Ad-Hoc|Any CPU.Build.0 = Release|Any CPU
		{18091BE6-1E14-48B7-83C3-5B269C13B56B}.Ad-Hoc|Any CPU.Deploy.0 = Release|Any CPU
		{18091BE6-1E14-48B7-83C3-5B269C13B56B}.Ad-Hoc|ARM.ActiveCfg = Release|ARM
		{18091BE6-1E14-48B7-83C3-5B269C13B56B}.Ad-Hoc|ARM.Build.0 = Release|ARM
		{18091BE6-1E14-48B7-83C3-5B269C13B56B}.Ad-Hoc|ARM.Deploy.0 = Release|ARM
		{18091BE6-1E14-48B7-83C3-5B269C13B56B}.Ad-Hoc|iPhone.ActiveCfg = Release|Any CPU
		{18091BE6-1E14-48B7-83C3-5B269C13B56B}.Ad-Hoc|iPhoneSimulator.ActiveCfg = Release|Any CPU
		{18091BE6-1E14-48B7-83C3-5B269C13B56B}.Ad-Hoc|Mixed Platforms.ActiveCfg = Release|x86
		{18091BE6-1E14-48B7-83C3-5B269C13B56B}.Ad-Hoc|Mixed Platforms.Build.0 = Release|x86
		{18091BE6-1E14-48B7-83C3-5B269C13B56B}.Ad-Hoc|Mixed Platforms.Deploy.0 = Release|x86
		{18091BE6-1E14-48B7-83C3-5B269C13B56B}.Ad-Hoc|x86.ActiveCfg = Release|x86
		{18091BE6-1E14-48B7-83C3-5B269C13B56B}.Ad-Hoc|x86.Build.0 = Release|x86
		{18091BE6-1E14-48B7-83C3-5B269C13B56B}.Ad-Hoc|x86.Deploy.0 = Release|x86
		{18091BE6-1E14-48B7-83C3-5B269C13B56B}.AppStore|Any CPU.ActiveCfg = Release|Any CPU
		{18091BE6-1E14-48B7-83C3-5B269C13B56B}.AppStore|Any CPU.Build.0 = Release|Any CPU
		{18091BE6-1E14-48B7-83C3-5B269C13B56B}.AppStore|Any CPU.Deploy.0 = Release|Any CPU
		{18091BE6-1E14-48B7-83C3-5B269C13B56B}.AppStore|ARM.ActiveCfg = Release|ARM
		{18091BE6-1E14-48B7-83C3-5B269C13B56B}.AppStore|ARM.Build.0 = Release|ARM
		{18091BE6-1E14-48B7-83C3-5B269C13B56B}.AppStore|ARM.Deploy.0 = Release|ARM
		{18091BE6-1E14-48B7-83C3-5B269C13B56B}.AppStore|iPhone.ActiveCfg = Release|Any CPU
		{18091BE6-1E14-48B7-83C3-5B269C13B56B}.AppStore|iPhoneSimulator.ActiveCfg = Release|Any CPU
		{18091BE6-1E14-48B7-83C3-5B269C13B56B}.AppStore|Mixed Platforms.ActiveCfg = Release|x86
		{18091BE6-1E14-48B7-83C3-5B269C13B56B}.AppStore|Mixed Platforms.Build.0 = Release|x86
		{18091BE6-1E14-48B7-83C3-5B269C13B56B}.AppStore|Mixed Platforms.Deploy.0 = Release|x86
		{18091BE6-1E14-48B7-83C3-5B269C13B56B}.AppStore|x86.ActiveCfg = Release|x86
		{18091BE6-1E14-48B7-83C3-5B269C13B56B}.AppStore|x86.Build.0 = Release|x86
		{18091BE6-1E14-48B7-83C3-5B269C13B56B}.AppStore|x86.Deploy.0 = Release|x86
		{18091BE6-1E14-48B7-83C3-5B269C13B56B}.Debug|Any CPU.ActiveCfg = Debug|Any CPU
		{18091BE6-1E14-48B7-83C3-5B269C13B56B}.Debug|Any CPU.Deploy.0 = Debug|Any CPU
		{18091BE6-1E14-48B7-83C3-5B269C13B56B}.Debug|ARM.ActiveCfg = Debug|ARM
		{18091BE6-1E14-48B7-83C3-5B269C13B56B}.Debug|ARM.Build.0 = Debug|ARM
		{18091BE6-1E14-48B7-83C3-5B269C13B56B}.Debug|ARM.Deploy.0 = Debug|ARM
		{18091BE6-1E14-48B7-83C3-5B269C13B56B}.Debug|iPhone.ActiveCfg = Debug|Any CPU
		{18091BE6-1E14-48B7-83C3-5B269C13B56B}.Debug|iPhoneSimulator.ActiveCfg = Debug|Any CPU
		{18091BE6-1E14-48B7-83C3-5B269C13B56B}.Debug|Mixed Platforms.ActiveCfg = Debug|x86
		{18091BE6-1E14-48B7-83C3-5B269C13B56B}.Debug|Mixed Platforms.Build.0 = Debug|x86
		{18091BE6-1E14-48B7-83C3-5B269C13B56B}.Debug|Mixed Platforms.Deploy.0 = Debug|x86
		{18091BE6-1E14-48B7-83C3-5B269C13B56B}.Debug|x86.ActiveCfg = Debug|x86
		{18091BE6-1E14-48B7-83C3-5B269C13B56B}.Debug|x86.Build.0 = Debug|x86
		{18091BE6-1E14-48B7-83C3-5B269C13B56B}.Debug|x86.Deploy.0 = Debug|x86
		{18091BE6-1E14-48B7-83C3-5B269C13B56B}.Release|Any CPU.ActiveCfg = Release|Any CPU
		{18091BE6-1E14-48B7-83C3-5B269C13B56B}.Release|Any CPU.Build.0 = Release|Any CPU
		{18091BE6-1E14-48B7-83C3-5B269C13B56B}.Release|Any CPU.Deploy.0 = Release|Any CPU
		{18091BE6-1E14-48B7-83C3-5B269C13B56B}.Release|ARM.ActiveCfg = Release|ARM
		{18091BE6-1E14-48B7-83C3-5B269C13B56B}.Release|ARM.Build.0 = Release|ARM
		{18091BE6-1E14-48B7-83C3-5B269C13B56B}.Release|ARM.Deploy.0 = Release|ARM
		{18091BE6-1E14-48B7-83C3-5B269C13B56B}.Release|iPhone.ActiveCfg = Release|Any CPU
		{18091BE6-1E14-48B7-83C3-5B269C13B56B}.Release|iPhoneSimulator.ActiveCfg = Release|Any CPU
		{18091BE6-1E14-48B7-83C3-5B269C13B56B}.Release|Mixed Platforms.ActiveCfg = Release|x86
		{18091BE6-1E14-48B7-83C3-5B269C13B56B}.Release|Mixed Platforms.Build.0 = Release|x86
		{18091BE6-1E14-48B7-83C3-5B269C13B56B}.Release|Mixed Platforms.Deploy.0 = Release|x86
		{18091BE6-1E14-48B7-83C3-5B269C13B56B}.Release|x86.ActiveCfg = Release|x86
		{18091BE6-1E14-48B7-83C3-5B269C13B56B}.Release|x86.Build.0 = Release|x86
		{18091BE6-1E14-48B7-83C3-5B269C13B56B}.Release|x86.Deploy.0 = Release|x86
		{BF364A9D-7199-4635-A234-8380CD1CE69E}.Ad-Hoc|Any CPU.ActiveCfg = Release|Any CPU
		{BF364A9D-7199-4635-A234-8380CD1CE69E}.Ad-Hoc|Any CPU.Build.0 = Release|Any CPU
		{BF364A9D-7199-4635-A234-8380CD1CE69E}.Ad-Hoc|ARM.ActiveCfg = Release|ARM
		{BF364A9D-7199-4635-A234-8380CD1CE69E}.Ad-Hoc|ARM.Build.0 = Release|ARM
		{BF364A9D-7199-4635-A234-8380CD1CE69E}.Ad-Hoc|iPhone.ActiveCfg = Release|Any CPU
		{BF364A9D-7199-4635-A234-8380CD1CE69E}.Ad-Hoc|iPhoneSimulator.ActiveCfg = Release|Any CPU
		{BF364A9D-7199-4635-A234-8380CD1CE69E}.Ad-Hoc|Mixed Platforms.ActiveCfg = Release|x86
		{BF364A9D-7199-4635-A234-8380CD1CE69E}.Ad-Hoc|Mixed Platforms.Build.0 = Release|x86
		{BF364A9D-7199-4635-A234-8380CD1CE69E}.Ad-Hoc|x86.ActiveCfg = Release|x86
		{BF364A9D-7199-4635-A234-8380CD1CE69E}.Ad-Hoc|x86.Build.0 = Release|x86
		{BF364A9D-7199-4635-A234-8380CD1CE69E}.AppStore|Any CPU.ActiveCfg = Release|Any CPU
		{BF364A9D-7199-4635-A234-8380CD1CE69E}.AppStore|Any CPU.Build.0 = Release|Any CPU
		{BF364A9D-7199-4635-A234-8380CD1CE69E}.AppStore|ARM.ActiveCfg = Release|ARM
		{BF364A9D-7199-4635-A234-8380CD1CE69E}.AppStore|ARM.Build.0 = Release|ARM
		{BF364A9D-7199-4635-A234-8380CD1CE69E}.AppStore|iPhone.ActiveCfg = Release|Any CPU
		{BF364A9D-7199-4635-A234-8380CD1CE69E}.AppStore|iPhoneSimulator.ActiveCfg = Release|Any CPU
		{BF364A9D-7199-4635-A234-8380CD1CE69E}.AppStore|Mixed Platforms.ActiveCfg = Release|x86
		{BF364A9D-7199-4635-A234-8380CD1CE69E}.AppStore|Mixed Platforms.Build.0 = Release|x86
		{BF364A9D-7199-4635-A234-8380CD1CE69E}.AppStore|x86.ActiveCfg = Release|x86
		{BF364A9D-7199-4635-A234-8380CD1CE69E}.AppStore|x86.Build.0 = Release|x86
		{BF364A9D-7199-4635-A234-8380CD1CE69E}.Debug|Any CPU.ActiveCfg = Debug|Any CPU
		{BF364A9D-7199-4635-A234-8380CD1CE69E}.Debug|ARM.ActiveCfg = Debug|ARM
		{BF364A9D-7199-4635-A234-8380CD1CE69E}.Debug|ARM.Build.0 = Debug|ARM
		{BF364A9D-7199-4635-A234-8380CD1CE69E}.Debug|iPhone.ActiveCfg = Debug|Any CPU
		{BF364A9D-7199-4635-A234-8380CD1CE69E}.Debug|iPhoneSimulator.ActiveCfg = Debug|Any CPU
		{BF364A9D-7199-4635-A234-8380CD1CE69E}.Debug|Mixed Platforms.ActiveCfg = Debug|x86
		{BF364A9D-7199-4635-A234-8380CD1CE69E}.Debug|Mixed Platforms.Build.0 = Debug|x86
		{BF364A9D-7199-4635-A234-8380CD1CE69E}.Debug|x86.ActiveCfg = Debug|x86
		{BF364A9D-7199-4635-A234-8380CD1CE69E}.Debug|x86.Build.0 = Debug|x86
		{BF364A9D-7199-4635-A234-8380CD1CE69E}.Release|Any CPU.ActiveCfg = Release|Any CPU
		{BF364A9D-7199-4635-A234-8380CD1CE69E}.Release|Any CPU.Build.0 = Release|Any CPU
		{BF364A9D-7199-4635-A234-8380CD1CE69E}.Release|ARM.ActiveCfg = Release|ARM
		{BF364A9D-7199-4635-A234-8380CD1CE69E}.Release|ARM.Build.0 = Release|ARM
		{BF364A9D-7199-4635-A234-8380CD1CE69E}.Release|iPhone.ActiveCfg = Release|Any CPU
		{BF364A9D-7199-4635-A234-8380CD1CE69E}.Release|iPhoneSimulator.ActiveCfg = Release|Any CPU
		{BF364A9D-7199-4635-A234-8380CD1CE69E}.Release|Mixed Platforms.ActiveCfg = Release|x86
		{BF364A9D-7199-4635-A234-8380CD1CE69E}.Release|Mixed Platforms.Build.0 = Release|x86
		{BF364A9D-7199-4635-A234-8380CD1CE69E}.Release|x86.ActiveCfg = Release|x86
		{BF364A9D-7199-4635-A234-8380CD1CE69E}.Release|x86.Build.0 = Release|x86
		{3CD7AA18-D9A3-4B6F-87FF-68B61A13AE99}.Ad-Hoc|Any CPU.ActiveCfg = Release|Any CPU
		{3CD7AA18-D9A3-4B6F-87FF-68B61A13AE99}.Ad-Hoc|Any CPU.Build.0 = Release|Any CPU
		{3CD7AA18-D9A3-4B6F-87FF-68B61A13AE99}.Ad-Hoc|ARM.ActiveCfg = Release|Any CPU
		{3CD7AA18-D9A3-4B6F-87FF-68B61A13AE99}.Ad-Hoc|iPhone.ActiveCfg = Release|Any CPU
		{3CD7AA18-D9A3-4B6F-87FF-68B61A13AE99}.Ad-Hoc|iPhoneSimulator.ActiveCfg = Release|Any CPU
		{3CD7AA18-D9A3-4B6F-87FF-68B61A13AE99}.Ad-Hoc|Mixed Platforms.ActiveCfg = Release|Any CPU
		{3CD7AA18-D9A3-4B6F-87FF-68B61A13AE99}.Ad-Hoc|Mixed Platforms.Build.0 = Release|Any CPU
		{3CD7AA18-D9A3-4B6F-87FF-68B61A13AE99}.Ad-Hoc|x86.ActiveCfg = Release|Any CPU
		{3CD7AA18-D9A3-4B6F-87FF-68B61A13AE99}.AppStore|Any CPU.ActiveCfg = Release|Any CPU
		{3CD7AA18-D9A3-4B6F-87FF-68B61A13AE99}.AppStore|Any CPU.Build.0 = Release|Any CPU
		{3CD7AA18-D9A3-4B6F-87FF-68B61A13AE99}.AppStore|ARM.ActiveCfg = Release|Any CPU
		{3CD7AA18-D9A3-4B6F-87FF-68B61A13AE99}.AppStore|iPhone.ActiveCfg = Release|Any CPU
		{3CD7AA18-D9A3-4B6F-87FF-68B61A13AE99}.AppStore|iPhoneSimulator.ActiveCfg = Release|Any CPU
		{3CD7AA18-D9A3-4B6F-87FF-68B61A13AE99}.AppStore|Mixed Platforms.ActiveCfg = Release|Any CPU
		{3CD7AA18-D9A3-4B6F-87FF-68B61A13AE99}.AppStore|Mixed Platforms.Build.0 = Release|Any CPU
		{3CD7AA18-D9A3-4B6F-87FF-68B61A13AE99}.AppStore|x86.ActiveCfg = Release|Any CPU
		{3CD7AA18-D9A3-4B6F-87FF-68B61A13AE99}.Debug|Any CPU.ActiveCfg = Debug|Any CPU
		{3CD7AA18-D9A3-4B6F-87FF-68B61A13AE99}.Debug|Any CPU.Build.0 = Debug|Any CPU
		{3CD7AA18-D9A3-4B6F-87FF-68B61A13AE99}.Debug|ARM.ActiveCfg = Debug|Any CPU
		{3CD7AA18-D9A3-4B6F-87FF-68B61A13AE99}.Debug|ARM.Build.0 = Debug|Any CPU
		{3CD7AA18-D9A3-4B6F-87FF-68B61A13AE99}.Debug|iPhone.ActiveCfg = Debug|Any CPU
		{3CD7AA18-D9A3-4B6F-87FF-68B61A13AE99}.Debug|iPhone.Build.0 = Debug|Any CPU
		{3CD7AA18-D9A3-4B6F-87FF-68B61A13AE99}.Debug|iPhoneSimulator.ActiveCfg = Debug|Any CPU
		{3CD7AA18-D9A3-4B6F-87FF-68B61A13AE99}.Debug|Mixed Platforms.ActiveCfg = Debug|Any CPU
		{3CD7AA18-D9A3-4B6F-87FF-68B61A13AE99}.Debug|Mixed Platforms.Build.0 = Debug|Any CPU
		{3CD7AA18-D9A3-4B6F-87FF-68B61A13AE99}.Debug|x86.ActiveCfg = Debug|Any CPU
		{3CD7AA18-D9A3-4B6F-87FF-68B61A13AE99}.Release|Any CPU.ActiveCfg = Release|Any CPU
		{3CD7AA18-D9A3-4B6F-87FF-68B61A13AE99}.Release|Any CPU.Build.0 = Release|Any CPU
		{3CD7AA18-D9A3-4B6F-87FF-68B61A13AE99}.Release|ARM.ActiveCfg = Release|Any CPU
		{3CD7AA18-D9A3-4B6F-87FF-68B61A13AE99}.Release|iPhone.ActiveCfg = Release|Any CPU
		{3CD7AA18-D9A3-4B6F-87FF-68B61A13AE99}.Release|iPhoneSimulator.ActiveCfg = Release|Any CPU
		{3CD7AA18-D9A3-4B6F-87FF-68B61A13AE99}.Release|Mixed Platforms.ActiveCfg = Release|Any CPU
		{3CD7AA18-D9A3-4B6F-87FF-68B61A13AE99}.Release|Mixed Platforms.Build.0 = Release|Any CPU
		{3CD7AA18-D9A3-4B6F-87FF-68B61A13AE99}.Release|x86.ActiveCfg = Release|Any CPU
		{0B2BE70C-5145-46F7-AC7E-7C32A32FBC98}.Ad-Hoc|Any CPU.ActiveCfg = Release|Any CPU
		{0B2BE70C-5145-46F7-AC7E-7C32A32FBC98}.Ad-Hoc|Any CPU.Build.0 = Release|Any CPU
		{0B2BE70C-5145-46F7-AC7E-7C32A32FBC98}.Ad-Hoc|Any CPU.Deploy.0 = Release|Any CPU
		{0B2BE70C-5145-46F7-AC7E-7C32A32FBC98}.Ad-Hoc|ARM.ActiveCfg = Release|Any CPU
		{0B2BE70C-5145-46F7-AC7E-7C32A32FBC98}.Ad-Hoc|iPhone.ActiveCfg = Release|Any CPU
		{0B2BE70C-5145-46F7-AC7E-7C32A32FBC98}.Ad-Hoc|iPhoneSimulator.ActiveCfg = Release|Any CPU
		{0B2BE70C-5145-46F7-AC7E-7C32A32FBC98}.Ad-Hoc|Mixed Platforms.ActiveCfg = Release|Any CPU
		{0B2BE70C-5145-46F7-AC7E-7C32A32FBC98}.Ad-Hoc|Mixed Platforms.Build.0 = Release|Any CPU
		{0B2BE70C-5145-46F7-AC7E-7C32A32FBC98}.Ad-Hoc|Mixed Platforms.Deploy.0 = Release|Any CPU
		{0B2BE70C-5145-46F7-AC7E-7C32A32FBC98}.Ad-Hoc|x86.ActiveCfg = Release|Any CPU
		{0B2BE70C-5145-46F7-AC7E-7C32A32FBC98}.AppStore|Any CPU.ActiveCfg = Release|Any CPU
		{0B2BE70C-5145-46F7-AC7E-7C32A32FBC98}.AppStore|Any CPU.Build.0 = Release|Any CPU
		{0B2BE70C-5145-46F7-AC7E-7C32A32FBC98}.AppStore|Any CPU.Deploy.0 = Release|Any CPU
		{0B2BE70C-5145-46F7-AC7E-7C32A32FBC98}.AppStore|ARM.ActiveCfg = Release|Any CPU
		{0B2BE70C-5145-46F7-AC7E-7C32A32FBC98}.AppStore|iPhone.ActiveCfg = Release|Any CPU
		{0B2BE70C-5145-46F7-AC7E-7C32A32FBC98}.AppStore|iPhoneSimulator.ActiveCfg = Release|Any CPU
		{0B2BE70C-5145-46F7-AC7E-7C32A32FBC98}.AppStore|Mixed Platforms.ActiveCfg = Release|Any CPU
		{0B2BE70C-5145-46F7-AC7E-7C32A32FBC98}.AppStore|Mixed Platforms.Build.0 = Release|Any CPU
		{0B2BE70C-5145-46F7-AC7E-7C32A32FBC98}.AppStore|Mixed Platforms.Deploy.0 = Release|Any CPU
		{0B2BE70C-5145-46F7-AC7E-7C32A32FBC98}.AppStore|x86.ActiveCfg = Release|Any CPU
		{0B2BE70C-5145-46F7-AC7E-7C32A32FBC98}.Debug|Any CPU.ActiveCfg = Debug|Any CPU
		{0B2BE70C-5145-46F7-AC7E-7C32A32FBC98}.Debug|Any CPU.Build.0 = Debug|Any CPU
		{0B2BE70C-5145-46F7-AC7E-7C32A32FBC98}.Debug|Any CPU.Deploy.0 = Debug|Any CPU
		{0B2BE70C-5145-46F7-AC7E-7C32A32FBC98}.Debug|ARM.ActiveCfg = Debug|Any CPU
		{0B2BE70C-5145-46F7-AC7E-7C32A32FBC98}.Debug|iPhone.ActiveCfg = Debug|Any CPU
		{0B2BE70C-5145-46F7-AC7E-7C32A32FBC98}.Debug|iPhoneSimulator.ActiveCfg = Debug|Any CPU
		{0B2BE70C-5145-46F7-AC7E-7C32A32FBC98}.Debug|Mixed Platforms.ActiveCfg = Debug|Any CPU
		{0B2BE70C-5145-46F7-AC7E-7C32A32FBC98}.Debug|Mixed Platforms.Build.0 = Debug|Any CPU
		{0B2BE70C-5145-46F7-AC7E-7C32A32FBC98}.Debug|Mixed Platforms.Deploy.0 = Debug|Any CPU
		{0B2BE70C-5145-46F7-AC7E-7C32A32FBC98}.Debug|x86.ActiveCfg = Debug|Any CPU
		{0B2BE70C-5145-46F7-AC7E-7C32A32FBC98}.Release|Any CPU.ActiveCfg = Release|Any CPU
		{0B2BE70C-5145-46F7-AC7E-7C32A32FBC98}.Release|Any CPU.Build.0 = Release|Any CPU
		{0B2BE70C-5145-46F7-AC7E-7C32A32FBC98}.Release|Any CPU.Deploy.0 = Release|Any CPU
		{0B2BE70C-5145-46F7-AC7E-7C32A32FBC98}.Release|ARM.ActiveCfg = Release|Any CPU
		{0B2BE70C-5145-46F7-AC7E-7C32A32FBC98}.Release|iPhone.ActiveCfg = Release|Any CPU
		{0B2BE70C-5145-46F7-AC7E-7C32A32FBC98}.Release|iPhoneSimulator.ActiveCfg = Release|Any CPU
		{0B2BE70C-5145-46F7-AC7E-7C32A32FBC98}.Release|Mixed Platforms.ActiveCfg = Release|Any CPU
		{0B2BE70C-5145-46F7-AC7E-7C32A32FBC98}.Release|Mixed Platforms.Build.0 = Release|Any CPU
		{0B2BE70C-5145-46F7-AC7E-7C32A32FBC98}.Release|Mixed Platforms.Deploy.0 = Release|Any CPU
		{0B2BE70C-5145-46F7-AC7E-7C32A32FBC98}.Release|x86.ActiveCfg = Release|Any CPU
		{11921975-959B-4FEA-AF68-E0D14D2A3455}.Ad-Hoc|Any CPU.ActiveCfg = Ad-Hoc|iPhone
		{11921975-959B-4FEA-AF68-E0D14D2A3455}.Ad-Hoc|ARM.ActiveCfg = Ad-Hoc|iPhone
		{11921975-959B-4FEA-AF68-E0D14D2A3455}.Ad-Hoc|iPhone.ActiveCfg = Ad-Hoc|iPhone
		{11921975-959B-4FEA-AF68-E0D14D2A3455}.Ad-Hoc|iPhone.Build.0 = Ad-Hoc|iPhone
		{11921975-959B-4FEA-AF68-E0D14D2A3455}.Ad-Hoc|iPhoneSimulator.ActiveCfg = Ad-Hoc|iPhoneSimulator
		{11921975-959B-4FEA-AF68-E0D14D2A3455}.Ad-Hoc|iPhoneSimulator.Build.0 = Ad-Hoc|iPhoneSimulator
		{11921975-959B-4FEA-AF68-E0D14D2A3455}.Ad-Hoc|Mixed Platforms.ActiveCfg = Ad-Hoc|iPhone
		{11921975-959B-4FEA-AF68-E0D14D2A3455}.Ad-Hoc|Mixed Platforms.Build.0 = Ad-Hoc|iPhone
		{11921975-959B-4FEA-AF68-E0D14D2A3455}.Ad-Hoc|x86.ActiveCfg = Ad-Hoc|iPhone
		{11921975-959B-4FEA-AF68-E0D14D2A3455}.AppStore|Any CPU.ActiveCfg = AppStore|iPhone
		{11921975-959B-4FEA-AF68-E0D14D2A3455}.AppStore|ARM.ActiveCfg = AppStore|iPhone
		{11921975-959B-4FEA-AF68-E0D14D2A3455}.AppStore|iPhone.ActiveCfg = AppStore|iPhone
		{11921975-959B-4FEA-AF68-E0D14D2A3455}.AppStore|iPhone.Build.0 = AppStore|iPhone
		{11921975-959B-4FEA-AF68-E0D14D2A3455}.AppStore|iPhoneSimulator.ActiveCfg = AppStore|iPhoneSimulator
		{11921975-959B-4FEA-AF68-E0D14D2A3455}.AppStore|iPhoneSimulator.Build.0 = AppStore|iPhoneSimulator
		{11921975-959B-4FEA-AF68-E0D14D2A3455}.AppStore|Mixed Platforms.ActiveCfg = AppStore|iPhone
		{11921975-959B-4FEA-AF68-E0D14D2A3455}.AppStore|Mixed Platforms.Build.0 = AppStore|iPhone
		{11921975-959B-4FEA-AF68-E0D14D2A3455}.AppStore|x86.ActiveCfg = AppStore|iPhone
		{11921975-959B-4FEA-AF68-E0D14D2A3455}.Debug|Any CPU.ActiveCfg = Debug|iPhone
		{11921975-959B-4FEA-AF68-E0D14D2A3455}.Debug|ARM.ActiveCfg = Debug|iPhone
		{11921975-959B-4FEA-AF68-E0D14D2A3455}.Debug|iPhone.ActiveCfg = Debug|iPhone
		{11921975-959B-4FEA-AF68-E0D14D2A3455}.Debug|iPhone.Build.0 = Debug|iPhone
		{11921975-959B-4FEA-AF68-E0D14D2A3455}.Debug|iPhoneSimulator.ActiveCfg = Debug|iPhoneSimulator
		{11921975-959B-4FEA-AF68-E0D14D2A3455}.Debug|iPhoneSimulator.Build.0 = Debug|iPhoneSimulator
		{11921975-959B-4FEA-AF68-E0D14D2A3455}.Debug|Mixed Platforms.ActiveCfg = Debug|iPhone
		{11921975-959B-4FEA-AF68-E0D14D2A3455}.Debug|Mixed Platforms.Build.0 = Debug|iPhone
		{11921975-959B-4FEA-AF68-E0D14D2A3455}.Debug|x86.ActiveCfg = Debug|iPhone
		{11921975-959B-4FEA-AF68-E0D14D2A3455}.Release|Any CPU.ActiveCfg = Release|iPhone
		{11921975-959B-4FEA-AF68-E0D14D2A3455}.Release|ARM.ActiveCfg = Release|iPhone
		{11921975-959B-4FEA-AF68-E0D14D2A3455}.Release|iPhone.ActiveCfg = Release|iPhone
		{11921975-959B-4FEA-AF68-E0D14D2A3455}.Release|iPhone.Build.0 = Release|iPhone
		{11921975-959B-4FEA-AF68-E0D14D2A3455}.Release|iPhoneSimulator.ActiveCfg = Release|iPhoneSimulator
		{11921975-959B-4FEA-AF68-E0D14D2A3455}.Release|iPhoneSimulator.Build.0 = Release|iPhoneSimulator
		{11921975-959B-4FEA-AF68-E0D14D2A3455}.Release|Mixed Platforms.ActiveCfg = Release|iPhone
		{11921975-959B-4FEA-AF68-E0D14D2A3455}.Release|Mixed Platforms.Build.0 = Release|iPhone
		{11921975-959B-4FEA-AF68-E0D14D2A3455}.Release|x86.ActiveCfg = Release|iPhone
		{56A90D2C-B335-437C-8C1E-12EB53E99503}.Ad-Hoc|Any CPU.ActiveCfg = Release|Any CPU
		{56A90D2C-B335-437C-8C1E-12EB53E99503}.Ad-Hoc|Any CPU.Build.0 = Release|Any CPU
		{56A90D2C-B335-437C-8C1E-12EB53E99503}.Ad-Hoc|ARM.ActiveCfg = Release|Any CPU
		{56A90D2C-B335-437C-8C1E-12EB53E99503}.Ad-Hoc|iPhone.ActiveCfg = Release|Any CPU
		{56A90D2C-B335-437C-8C1E-12EB53E99503}.Ad-Hoc|iPhoneSimulator.ActiveCfg = Release|Any CPU
		{56A90D2C-B335-437C-8C1E-12EB53E99503}.Ad-Hoc|Mixed Platforms.ActiveCfg = Release|Any CPU
		{56A90D2C-B335-437C-8C1E-12EB53E99503}.Ad-Hoc|Mixed Platforms.Build.0 = Release|Any CPU
		{56A90D2C-B335-437C-8C1E-12EB53E99503}.Ad-Hoc|x86.ActiveCfg = Release|Any CPU
		{56A90D2C-B335-437C-8C1E-12EB53E99503}.AppStore|Any CPU.ActiveCfg = Release|Any CPU
		{56A90D2C-B335-437C-8C1E-12EB53E99503}.AppStore|Any CPU.Build.0 = Release|Any CPU
		{56A90D2C-B335-437C-8C1E-12EB53E99503}.AppStore|ARM.ActiveCfg = Release|Any CPU
		{56A90D2C-B335-437C-8C1E-12EB53E99503}.AppStore|iPhone.ActiveCfg = Release|Any CPU
		{56A90D2C-B335-437C-8C1E-12EB53E99503}.AppStore|iPhoneSimulator.ActiveCfg = Release|Any CPU
		{56A90D2C-B335-437C-8C1E-12EB53E99503}.AppStore|Mixed Platforms.ActiveCfg = Release|Any CPU
		{56A90D2C-B335-437C-8C1E-12EB53E99503}.AppStore|Mixed Platforms.Build.0 = Release|Any CPU
		{56A90D2C-B335-437C-8C1E-12EB53E99503}.AppStore|x86.ActiveCfg = Release|Any CPU
		{56A90D2C-B335-437C-8C1E-12EB53E99503}.Debug|Any CPU.ActiveCfg = Debug|Any CPU
		{56A90D2C-B335-437C-8C1E-12EB53E99503}.Debug|ARM.ActiveCfg = Debug|Any CPU
		{56A90D2C-B335-437C-8C1E-12EB53E99503}.Debug|iPhone.ActiveCfg = Debug|Any CPU
		{56A90D2C-B335-437C-8C1E-12EB53E99503}.Debug|iPhone.Build.0 = Debug|Any CPU
		{56A90D2C-B335-437C-8C1E-12EB53E99503}.Debug|iPhoneSimulator.ActiveCfg = Debug|Any CPU
		{56A90D2C-B335-437C-8C1E-12EB53E99503}.Debug|Mixed Platforms.ActiveCfg = Debug|Any CPU
		{56A90D2C-B335-437C-8C1E-12EB53E99503}.Debug|Mixed Platforms.Build.0 = Debug|Any CPU
		{56A90D2C-B335-437C-8C1E-12EB53E99503}.Debug|x86.ActiveCfg = Debug|Any CPU
		{56A90D2C-B335-437C-8C1E-12EB53E99503}.Release|Any CPU.ActiveCfg = Release|Any CPU
		{56A90D2C-B335-437C-8C1E-12EB53E99503}.Release|Any CPU.Build.0 = Release|Any CPU
		{56A90D2C-B335-437C-8C1E-12EB53E99503}.Release|ARM.ActiveCfg = Release|Any CPU
		{56A90D2C-B335-437C-8C1E-12EB53E99503}.Release|iPhone.ActiveCfg = Release|Any CPU
		{56A90D2C-B335-437C-8C1E-12EB53E99503}.Release|iPhoneSimulator.ActiveCfg = Release|Any CPU
		{56A90D2C-B335-437C-8C1E-12EB53E99503}.Release|Mixed Platforms.ActiveCfg = Release|Any CPU
		{56A90D2C-B335-437C-8C1E-12EB53E99503}.Release|Mixed Platforms.Build.0 = Release|Any CPU
		{56A90D2C-B335-437C-8C1E-12EB53E99503}.Release|x86.ActiveCfg = Release|Any CPU
		{9E274C6A-DCD8-4EC0-9CB3-8163F9AB9A7A}.Ad-Hoc|Any CPU.ActiveCfg = Release|Any CPU
		{9E274C6A-DCD8-4EC0-9CB3-8163F9AB9A7A}.Ad-Hoc|Any CPU.Build.0 = Release|Any CPU
		{9E274C6A-DCD8-4EC0-9CB3-8163F9AB9A7A}.Ad-Hoc|ARM.ActiveCfg = Release|Any CPU
		{9E274C6A-DCD8-4EC0-9CB3-8163F9AB9A7A}.Ad-Hoc|iPhone.ActiveCfg = Release|Any CPU
		{9E274C6A-DCD8-4EC0-9CB3-8163F9AB9A7A}.Ad-Hoc|iPhoneSimulator.ActiveCfg = Release|Any CPU
		{9E274C6A-DCD8-4EC0-9CB3-8163F9AB9A7A}.Ad-Hoc|Mixed Platforms.ActiveCfg = Release|Any CPU
		{9E274C6A-DCD8-4EC0-9CB3-8163F9AB9A7A}.Ad-Hoc|Mixed Platforms.Build.0 = Release|Any CPU
		{9E274C6A-DCD8-4EC0-9CB3-8163F9AB9A7A}.Ad-Hoc|x86.ActiveCfg = Release|Any CPU
		{9E274C6A-DCD8-4EC0-9CB3-8163F9AB9A7A}.AppStore|Any CPU.ActiveCfg = Release|Any CPU
		{9E274C6A-DCD8-4EC0-9CB3-8163F9AB9A7A}.AppStore|Any CPU.Build.0 = Release|Any CPU
		{9E274C6A-DCD8-4EC0-9CB3-8163F9AB9A7A}.AppStore|ARM.ActiveCfg = Release|Any CPU
		{9E274C6A-DCD8-4EC0-9CB3-8163F9AB9A7A}.AppStore|iPhone.ActiveCfg = Release|Any CPU
		{9E274C6A-DCD8-4EC0-9CB3-8163F9AB9A7A}.AppStore|iPhoneSimulator.ActiveCfg = Release|Any CPU
		{9E274C6A-DCD8-4EC0-9CB3-8163F9AB9A7A}.AppStore|Mixed Platforms.ActiveCfg = Release|Any CPU
		{9E274C6A-DCD8-4EC0-9CB3-8163F9AB9A7A}.AppStore|Mixed Platforms.Build.0 = Release|Any CPU
		{9E274C6A-DCD8-4EC0-9CB3-8163F9AB9A7A}.AppStore|x86.ActiveCfg = Release|Any CPU
		{9E274C6A-DCD8-4EC0-9CB3-8163F9AB9A7A}.Debug|Any CPU.ActiveCfg = Debug|Any CPU
		{9E274C6A-DCD8-4EC0-9CB3-8163F9AB9A7A}.Debug|Any CPU.Build.0 = Debug|Any CPU
		{9E274C6A-DCD8-4EC0-9CB3-8163F9AB9A7A}.Debug|ARM.ActiveCfg = Debug|Any CPU
		{9E274C6A-DCD8-4EC0-9CB3-8163F9AB9A7A}.Debug|iPhone.ActiveCfg = Debug|Any CPU
		{9E274C6A-DCD8-4EC0-9CB3-8163F9AB9A7A}.Debug|iPhoneSimulator.ActiveCfg = Debug|Any CPU
		{9E274C6A-DCD8-4EC0-9CB3-8163F9AB9A7A}.Debug|Mixed Platforms.ActiveCfg = Debug|Any CPU
		{9E274C6A-DCD8-4EC0-9CB3-8163F9AB9A7A}.Debug|Mixed Platforms.Build.0 = Debug|Any CPU
		{9E274C6A-DCD8-4EC0-9CB3-8163F9AB9A7A}.Debug|x86.ActiveCfg = Debug|Any CPU
		{9E274C6A-DCD8-4EC0-9CB3-8163F9AB9A7A}.Release|Any CPU.ActiveCfg = Release|Any CPU
		{9E274C6A-DCD8-4EC0-9CB3-8163F9AB9A7A}.Release|Any CPU.Build.0 = Release|Any CPU
		{9E274C6A-DCD8-4EC0-9CB3-8163F9AB9A7A}.Release|ARM.ActiveCfg = Release|Any CPU
		{9E274C6A-DCD8-4EC0-9CB3-8163F9AB9A7A}.Release|iPhone.ActiveCfg = Release|Any CPU
		{9E274C6A-DCD8-4EC0-9CB3-8163F9AB9A7A}.Release|iPhoneSimulator.ActiveCfg = Release|Any CPU
		{9E274C6A-DCD8-4EC0-9CB3-8163F9AB9A7A}.Release|Mixed Platforms.ActiveCfg = Release|Any CPU
		{9E274C6A-DCD8-4EC0-9CB3-8163F9AB9A7A}.Release|Mixed Platforms.Build.0 = Release|Any CPU
		{9E274C6A-DCD8-4EC0-9CB3-8163F9AB9A7A}.Release|x86.ActiveCfg = Release|Any CPU
	EndGlobalSection
	GlobalSection(SolutionProperties) = preSolution
		HideSolutionNode = FALSE
	EndGlobalSection
	GlobalSection(NestedProjects) = preSolution
		{43A5AC67-C04B-4591-A1B2-AEDC22949B0E} = {5D670298-6EB6-48B2-B180-5542E12375CA}
		{18091BE6-1E14-48B7-83C3-5B269C13B56B} = {5D670298-6EB6-48B2-B180-5542E12375CA}
		{92AE8EB0-057C-47E6-81D2-6A9B1D4B9FF1} = {1E88823E-0D9C-4559-B922-D10F1E19A2CC}
		{BF364A9D-7199-4635-A234-8380CD1CE69E} = {92AE8EB0-057C-47E6-81D2-6A9B1D4B9FF1}
		{3CD7AA18-D9A3-4B6F-87FF-68B61A13AE99} = {92AE8EB0-057C-47E6-81D2-6A9B1D4B9FF1}
		{0B2BE70C-5145-46F7-AC7E-7C32A32FBC98} = {5D670298-6EB6-48B2-B180-5542E12375CA}
		{11921975-959B-4FEA-AF68-E0D14D2A3455} = {5D670298-6EB6-48B2-B180-5542E12375CA}
		{56A90D2C-B335-437C-8C1E-12EB53E99503} = {92AE8EB0-057C-47E6-81D2-6A9B1D4B9FF1}
		{9E274C6A-DCD8-4EC0-9CB3-8163F9AB9A7A} = {92AE8EB0-057C-47E6-81D2-6A9B1D4B9FF1}
	EndGlobalSection
EndGlobal
